
Microsoft Visual Studio Solution File, Format Version 12.00
# Visual Studio Version 17
VisualStudioVersion = 17.6.33829.357
MinimumVisualStudioVersion = 10.0.40219.1
Project("{FAE04EC0-301F-11D3-BF4B-00C04F79EFBC}") = "ConsoleUI", "ConsoleUI\ConsoleUI.csproj", "{E224E561-6909-47DC-BF45-2081C2AADBD6}"
EndProject
Project("{FAE04EC0-301F-11D3-BF4B-00C04F79EFBC}") = "BattleShipsLibrary", "BattleShipsLibrary\BattleShipsLibrary.csproj", "{1BC068C6-5E3F-4382-8D2C-1FE546E35C25}"
EndProject
Global
	GlobalSection(SolutionConfigurationPlatforms) = preSolution
		Debug|Any CPU = Debug|Any CPU
		Release|Any CPU = Release|Any CPU
	EndGlobalSection
	GlobalSection(ProjectConfigurationPlatforms) = postSolution
		{E224E561-6909-47DC-BF45-2081C2AADBD6}.Debug|Any CPU.ActiveCfg = Debug|Any CPU
		{E224E561-6909-47DC-BF45-2081C2AADBD6}.Debug|Any CPU.Build.0 = Debug|Any CPU
		{E224E561-6909-47DC-BF45-2081C2AADBD6}.Release|Any CPU.ActiveCfg = Release|Any CPU
		{E224E561-6909-47DC-BF45-2081C2AADBD6}.Release|Any CPU.Build.0 = Release|Any CPU
		{1BC068C6-5E3F-4382-8D2C-1FE546E35C25}.Debug|Any CPU.ActiveCfg = Debug|Any CPU
		{1BC068C6-5E3F-4382-8D2C-1FE546E35C25}.Debug|Any CPU.Build.0 = Debug|Any CPU
		{1BC068C6-5E3F-4382-8D2C-1FE546E35C25}.Release|Any CPU.ActiveCfg = Release|Any CPU
		{1BC068C6-5E3F-4382-8D2C-1FE546E35C25}.Release|Any CPU.Build.0 = Release|Any CPU
	EndGlobalSection
	GlobalSection(SolutionProperties) = preSolution
		HideSolutionNode = FALSE
	EndGlobalSection
	GlobalSection(ExtensibilityGlobals) = postSolution
		SolutionGuid = {CD99EE2D-2061-493E-B426-7A4C5C5F2722}
	EndGlobalSection
EndGlobal
